Microsoft Visual Studio Solution File, Format Version 11.00
# Visual Studio 2008

Project("{99320427-185F-2503-4911-63490E6C4A1B}") = "ChemistryShooter", "Assembly-CSharp-firstpass.csproj", "{A85AC0EC-CA4D-7326-1BDD-90C0B647ED7A}"
EndProject
Project("{99320427-185F-2503-4911-63490E6C4A1B}") = "ChemistryShooter", "Assembly-CSharp.csproj", "{631768C4-E4F2-FF0A-DA8E-10B9F622E48F}"
EndProject
Project("{99320427-185F-2503-4911-63490E6C4A1B}") = "ChemistryShooter", "Assembly-UnityScript-firstpass.unityproj", "{9A7EE57E-FE82-167E-926E-1A3E32566A82}"
EndProject
Global
	GlobalSection(SolutionConfigurationPlatforms) = preSolution
		Debug|Any CPU = Debug|Any CPU
		Release|Any CPU = Release|Any CPU
	EndGlobalSection
	GlobalSection(ProjectConfigurationPlatforms) = postSolution
		{A85AC0EC-CA4D-7326-1BDD-90C0B647ED7A}.Debug|Any CPU.ActiveCfg = Debug|Any CPU
		{A85AC0EC-CA4D-7326-1BDD-90C0B647ED7A}.Debug|Any CPU.Build.0 = Debug|Any CPU
		{A85AC0EC-CA4D-7326-1BDD-90C0B647ED7A}.Release|Any CPU.ActiveCfg = Release|Any CPU
		{A85AC0EC-CA4D-7326-1BDD-90C0B647ED7A}.Release|Any CPU.Build.0 = Release|Any CPU
		{631768C4-E4F2-FF0A-DA8E-10B9F622E48F}.Debug|Any CPU.ActiveCfg = Debug|Any CPU
		{631768C4-E4F2-FF0A-DA8E-10B9F622E48F}.Debug|Any CPU.Build.0 = Debug|Any CPU
		{631768C4-E4F2-FF0A-DA8E-10B9F622E48F}.Release|Any CPU.ActiveCfg = Release|Any CPU
		{631768C4-E4F2-FF0A-DA8E-10B9F622E48F}.Release|Any CPU.Build.0 = Release|Any CPU
		{9A7EE57E-FE82-167E-926E-1A3E32566A82}.Debug|Any CPU.ActiveCfg = Debug|Any CPU
		{9A7EE57E-FE82-167E-926E-1A3E32566A82}.Debug|Any CPU.Build.0 = Debug|Any CPU
		{9A7EE57E-FE82-167E-926E-1A3E32566A82}.Release|Any CPU.ActiveCfg = Release|Any CPU
		{9A7EE57E-FE82-167E-926E-1A3E32566A82}.Release|Any CPU.Build.0 = Release|Any CPU
	EndGlobalSection
	GlobalSection(SolutionProperties) = preSolution
		HideSolutionNode = FALSE
	EndGlobalSection
																								GlobalSection(MonoDevelopProperties) = preSolution
		StartupItem = Assembly-CSharp.csproj
		Policies = $0
		$0.TextStylePolicy = $1
		$1.inheritsSet = null
		$1.scope = text/x-csharp
		$0.CSharpFormattingPolicy = $2
		$2.inheritsSet = Mono
		$2.inheritsScope = text/x-csharp
		$2.scope = text/x-csharp
		$0.TextStylePolicy = $3
		$3.FileWidth = 120
		$3.TabWidth = 4
		$3.EolMarker = Unix
		$3.inheritsSet = Mono
		$3.inheritsScope = text/plain
		$3.scope = text/plain
	EndGlobalSection

EndGlobal
