Microsoft Visual Studio Solution File, Format Version 11.00
# Visual Studio 2008

Project("{D1C1E8B0-66E3-D96A-58B6-1CEDA22A2BEB}") = "ChemShoot MOST UPDATE", "Assembly-CSharp-firstpass.csproj", "{6123D0F1-F506-69F3-7A01-298F6D87C7A6}"
EndProject
Project("{D1C1E8B0-66E3-D96A-58B6-1CEDA22A2BEB}") = "ChemShoot MOST UPDATE", "Assembly-CSharp.csproj", "{8BD2D9B3-BF01-D75E-7EBB-AACE959AE3CB}"
EndProject
Project("{D1C1E8B0-66E3-D96A-58B6-1CEDA22A2BEB}") = "ChemShoot MOST UPDATE", "Assembly-UnityScript-firstpass.unityproj", "{34BDC753-00B9-593A-1030-05DD04AE0755}"
EndProject
Project("{D1C1E8B0-66E3-D96A-58B6-1CEDA22A2BEB}") = "ChemShoot MOST UPDATE", "Assembly-UnityScript.unityproj", "{155088E2-3269-C417-1635-2692AD39D397}"
EndProject
Global
	GlobalSection(SolutionConfigurationPlatforms) = preSolution
		Debug|Any CPU = Debug|Any CPU
		Release|Any CPU = Release|Any CPU
	EndGlobalSection
	GlobalSection(ProjectConfigurationPlatforms) = postSolution
		{6123D0F1-F506-69F3-7A01-298F6D87C7A6}.Debug|Any CPU.ActiveCfg = Debug|Any CPU
		{6123D0F1-F506-69F3-7A01-298F6D87C7A6}.Debug|Any CPU.Build.0 = Debug|Any CPU
		{6123D0F1-F506-69F3-7A01-298F6D87C7A6}.Release|Any CPU.ActiveCfg = Release|Any CPU
		{6123D0F1-F506-69F3-7A01-298F6D87C7A6}.Release|Any CPU.Build.0 = Release|Any CPU
		{8BD2D9B3-BF01-D75E-7EBB-AACE959AE3CB}.Debug|Any CPU.ActiveCfg = Debug|Any CPU
		{8BD2D9B3-BF01-D75E-7EBB-AACE959AE3CB}.Debug|Any CPU.Build.0 = Debug|Any CPU
		{8BD2D9B3-BF01-D75E-7EBB-AACE959AE3CB}.Release|Any CPU.ActiveCfg = Release|Any CPU
		{8BD2D9B3-BF01-D75E-7EBB-AACE959AE3CB}.Release|Any CPU.Build.0 = Release|Any CPU
		{34BDC753-00B9-593A-1030-05DD04AE0755}.Debug|Any CPU.ActiveCfg = Debug|Any CPU
		{34BDC753-00B9-593A-1030-05DD04AE0755}.Debug|Any CPU.Build.0 = Debug|Any CPU
		{34BDC753-00B9-593A-1030-05DD04AE0755}.Release|Any CPU.ActiveCfg = Release|Any CPU
		{34BDC753-00B9-593A-1030-05DD04AE0755}.Release|Any CPU.Build.0 = Release|Any CPU
		{155088E2-3269-C417-1635-2692AD39D397}.Debug|Any CPU.ActiveCfg = Debug|Any CPU
		{155088E2-3269-C417-1635-2692AD39D397}.Debug|Any CPU.Build.0 = Debug|Any CPU
		{155088E2-3269-C417-1635-2692AD39D397}.Release|Any CPU.ActiveCfg = Release|Any CPU
		{155088E2-3269-C417-1635-2692AD39D397}.Release|Any CPU.Build.0 = Release|Any CPU
	EndGlobalSection
	GlobalSection(SolutionProperties) = preSolution
		HideSolutionNode = FALSE
	EndGlobalSection
																					GlobalSection(MonoDevelopProperties) = preSolution
		StartupItem = Assembly-CSharp.csproj
		Policies = $0
		$0.TextStylePolicy = $1
		$1.inheritsSet = null
		$1.scope = text/x-csharp
		$0.CSharpFormattingPolicy = $2
		$2.inheritsSet = Mono
		$2.inheritsScope = text/x-csharp
		$2.scope = text/x-csharp
		$0.TextStylePolicy = $3
		$3.FileWidth = 120
		$3.TabWidth = 4
		$3.EolMarker = Unix
		$3.inheritsSet = Mono
		$3.inheritsScope = text/plain
		$3.scope = text/plain
	EndGlobalSection

EndGlobal
